{
    "_readme": [
        "This file locks the dependencies of your project to a known state",
        "Read more about it at https://getcomposer.org/doc/01-basic-usage.md#installing-dependencies",
        "This file is @generated automatically"
    ],
    "content-hash": "bb3c947df3e222860f54a9ea773271d5",
    "packages": [
        {
            "name": "tabler/tabler",
            "version": "v0.0.33",
            "source": {
                "type": "git",
                "url": "https://github.com/tabler/tabler.git",
                "reference": "67f4685bbd67040420448d426ff2aa7313ab3b78"
            },
            "dist": {
                "type": "zip",
                "url": "https://api.github.com/repos/tabler/tabler/zipball/67f4685bbd67040420448d426ff2aa7313ab3b78",
                "reference": "67f4685bbd67040420448d426ff2aa7313ab3b78",
                "shasum": ""
            },
            "type": "library",
            "notification-url": "https://packagist.org/downloads/",
            "license": [
                "MIT"
            ],
            "authors": [
                {
                    "name": "codecalm",
                    "email": "codecalm@gmail.com"
                }
            ],
            "description": "Premium and Open Source dashboard template with responsive and high quality UI. For Free!",
            "time": "2019-04-04T14:08:49+00:00"
        }
    ],
    "packages-dev": [],
    "aliases": [],
    "minimum-stability": "stable",
    "stability-flags": [],
    "prefer-stable": false,
    "prefer-lowest": false,
    "platform": [],
    "platform-dev": []
}
